// !$*UTF8*$!
{
	archiveVersion = 1;
	classes = {
	};
	objectVersion = 56;
	objects = {

/* Begin PBXBuildFile section */
		0A8B295F2B0F925700C42503 /* DetailView.swift in Sources */ = {isa = PBXBuildFile; fileRef = 0A8B295E2B0F925700C42503 /* DetailView.swift */; };
		0AA615482B0DBA18005A5517 /* AppDelegate.swift in Sources */ = {isa = PBXBuildFile; fileRef = 0AA615472B0DBA18005A5517 /* AppDelegate.swift */; };
		0AA6154A2B0DBA18005A5517 /* SceneDelegate.swift in Sources */ = {isa = PBXBuildFile; fileRef = 0AA615492B0DBA18005A5517 /* SceneDelegate.swift */; };
		0AA6154C2B0DBA18005A5517 /* ViewController.swift in Sources */ = {isa = PBXBuildFile; fileRef = 0AA6154B2B0DBA18005A5517 /* ViewController.swift */; };
		0AA6154F2B0DBA18005A5517 /* Main.storyboard in Resources */ = {isa = PBXBuildFile; fileRef = 0AA6154D2B0DBA18005A5517 /* Main.storyboard */; };
		0AA615512B0DBA19005A5517 /* Assets.xcassets in Resources */ = {isa = PBXBuildFile; fileRef = 0AA615502B0DBA19005A5517 /* Assets.xcassets */; };
		0AA615542B0DBA19005A5517 /* LaunchScreen.storyboard in Resources */ = {isa = PBXBuildFile; fileRef = 0AA615522B0DBA19005A5517 /* LaunchScreen.storyboard */; };
		0AA6155D2B0DBF0E005A5517 /* Movie.swift in Sources */ = {isa = PBXBuildFile; fileRef = 0AA6155C2B0DBF0E005A5517 /* Movie.swift */; };
		0AA615622B0DBFDA005A5517 /* MyTableViewCell.swift in Sources */ = {isa = PBXBuildFile; fileRef = 0AA615612B0DBFDA005A5517 /* MyTableViewCell.swift */; };
/* End PBXBuildFile section */

/* Begin PBXFileReference section */
		0A8B295E2B0F925700C42503 /* DetailView.swift */ = {isa = PBXFileReference; lastKnownFileType = sourcecode.swift; path = DetailView.swift; sourceTree = "<group>"; };
		0AA615442B0DBA18005A5517 /* TableViewCode.app */ = {isa = PBXFileReference; explicitFileType = wrapper.application; includeInIndex = 0; path = TableViewCode.app; sourceTree = BUILT_PRODUCTS_DIR; };
		0AA615472B0DBA18005A5517 /* AppDelegate.swift */ = {isa = PBXFileReference; lastKnownFileType = sourcecode.swift; path = AppDelegate.swift; sourceTree = "<group>"; };
		0AA615492B0DBA18005A5517 /* SceneDelegate.swift */ = {isa = PBXFileReference; lastKnownFileType = sourcecode.swift; path = SceneDelegate.swift; sourceTree = "<group>"; };
		0AA6154B2B0DBA18005A5517 /* ViewController.swift */ = {isa = PBXFileReference; lastKnownFileType = sourcecode.swift; path = ViewController.swift; sourceTree = "<group>"; };
		0AA6154E2B0DBA18005A5517 /* Base */ = {isa = PBXFileReference; lastKnownFileType = file.storyboard; name = Base; path = Base.lproj/Main.storyboard; sourceTree = "<group>"; };
		0AA615502B0DBA19005A5517 /* Assets.xcassets */ = {isa = PBXFileReference; lastKnownFileType = folder.assetcatalog; path = Assets.xcassets; sourceTree = "<group>"; };
		0AA615532B0DBA19005A5517 /* Base */ = {isa = PBXFileReference; lastKnownFileType = file.storyboard; name = Base; path = Base.lproj/LaunchScreen.storyboard; sourceTree = "<group>"; };
		0AA615552B0DBA19005A5517 /* Info.plist */ = {isa = PBXFileReference; lastKnownFileType = text.plist.xml; path = Info.plist; sourceTree = "<group>"; };
		0AA6155C2B0DBF0E005A5517 /* Movie.swift */ = {isa = PBXFileReference; lastKnownFileType = sourcecode.swift; path = Movie.swift; sourceTree = "<group>"; };
		0AA615612B0DBFDA005A5517 /* MyTableViewCell.swift */ = {isa = PBXFileReference; lastKnownFileType = sourcecode.swift; path = MyTableViewCell.swift; sourceTree = "<group>"; };
/* End PBXFileReference section */

/* Begin PBXFrameworksBuildPhase section */
		0AA615412B0DBA18005A5517 /* Frameworks */ = {
			isa = PBXFrameworksBuildPhase;
			buildActionMask = 2147483647;
			files = (
			);
			runOnlyForDeploymentPostprocessing = 0;
		};
/* End PBXFrameworksBuildPhase section */

/* Begin PBXGroup section */
		0AA6153B2B0DBA18005A5517 = {
			isa = PBXGroup;
			children = (
				0AA615462B0DBA18005A5517 /* TableViewCode */,
				0AA615452B0DBA18005A5517 /* Products */,
			);
			sourceTree = "<group>";
		};
		0AA615452B0DBA18005A5517 /* Products */ = {
			isa = PBXGroup;
			children = (
				0AA615442B0DBA18005A5517 /* TableViewCode.app */,
			);
			name = Products;
			sourceTree = "<group>";
		};
		0AA615462B0DBA18005A5517 /* TableViewCode */ = {
			isa = PBXGroup;
			children = (
				0AA615602B0DBFB5005A5517 /* Views */,
				0AA6155F2B0DBFAC005A5517 /* Controllers */,
				0AA6155B2B0DBEF8005A5517 /* Models */,
				0AA615472B0DBA18005A5517 /* AppDelegate.swift */,
				0AA615492B0DBA18005A5517 /* SceneDelegate.swift */,
				0AA6154B2B0DBA18005A5517 /* ViewController.swift */,
				0AA6154D2B0DBA18005A5517 /* Main.storyboard */,
				0AA615502B0DBA19005A5517 /* Assets.xcassets */,
				0AA615522B0DBA19005A5517 /* LaunchScreen.storyboard */,
				0AA615552B0DBA19005A5517 /* Info.plist */,
			);
			path = TableViewCode;
			sourceTree = "<group>";
		};
		0AA6155B2B0DBEF8005A5517 /* Models */ = {
			isa = PBXGroup;
			children = (
				0AA6155C2B0DBF0E005A5517 /* Movie.swift */,
			);
			path = Models;
			sourceTree = "<group>";
		};
		0AA6155F2B0DBFAC005A5517 /* Controllers */ = {
			isa = PBXGroup;
			children = (
			);
			path = Controllers;
			sourceTree = "<group>";
		};
		0AA615602B0DBFB5005A5517 /* Views */ = {
			isa = PBXGroup;
			children = (
				0AA615612B0DBFDA005A5517 /* MyTableViewCell.swift */,
				0A8B295E2B0F925700C42503 /* DetailView.swift */,
			);
			path = Views;
			sourceTree = "<group>";
		};
/* End PBXGroup section */

/* Begin PBXNativeTarget section */
		0AA615432B0DBA18005A5517 /* TableViewCode */ = {
			isa = PBXNativeTarget;
			buildConfigurationList = 0AA615582B0DBA19005A5517 /* Build configuration list for PBXNativeTarget "TableViewCode" */;
			buildPhases = (
				0AA615402B0DBA18005A5517 /* Sources */,
				0AA615412B0DBA18005A5517 /* Frameworks */,
				0AA615422B0DBA18005A5517 /* Resources */,
			);
			buildRules = (
			);
			dependencies = (
			);
			name = TableViewCode;
			productName = TableViewCode;
			productReference = 0AA615442B0DBA18005A5517 /* TableViewCode.app */;
			productType = "com.apple.product-type.application";
		};
/* End PBXNativeTarget section */

/* Begin PBXProject section */
		0AA6153C2B0DBA18005A5517 /* Project object */ = {
			isa = PBXProject;
			attributes = {
				BuildIndependentTargetsInParallel = 1;
				LastSwiftUpdateCheck = 1430;
				LastUpgradeCheck = 1430;
				TargetAttributes = {
					0AA615432B0DBA18005A5517 = {
						CreatedOnToolsVersion = 14.3;
					};
				};
			};
			buildConfigurationList = 0AA6153F2B0DBA18005A5517 /* Build configuration list for PBXProject "TableViewCode" */;
			compatibilityVersion = "Xcode 14.0";
			developmentRegion = en;
			hasScannedForEncodings = 0;
			knownRegions = (
				en,
				Base,
			);
			mainGroup = 0AA6153B2B0DBA18005A5517;
			productRefGroup = 0AA615452B0DBA18005A5517 /* Products */;
			projectDirPath = "";
			projectRoot = "";
			targets = (
				0AA615432B0DBA18005A5517 /* TableViewCode */,
			);
		};
/* End PBXProject section */

/* Begin PBXResourcesBuildPhase section */
		0AA615422B0DBA18005A5517 /* Resources */ = {
			isa = PBXResourcesBuildPhase;
			buildActionMask = 2147483647;
			files = (
				0AA615542B0DBA19005A5517 /* LaunchScreen.storyboard in Resources */,
				0AA615512B0DBA19005A5517 /* Assets.xcassets in Resources */,
				0AA6154F2B0DBA18005A5517 /* Main.storyboard in Resources */,
			);
			runOnlyForDeploymentPostprocessing = 0;
		};
/* End PBXResourcesBuildPhase section */

/* Begin PBXSourcesBuildPhase section */
		0AA615402B0DBA18005A5517 /* Sources */ = {
			isa = PBXSourcesBuildPhase;
			buildActionMask = 2147483647;
			files = (
				0AA6154C2B0DBA18005A5517 /* ViewController.swift in Sources */,
				0A8B295F2B0F925700C42503 /* DetailView.swift in Sources */,
				0AA615482B0DBA18005A5517 /* AppDelegate.swift in Sources */,
				0AA6155D2B0DBF0E005A5517 /* Movie.swift in Sources */,
				0AA615622B0DBFDA005A5517 /* MyTableViewCell.swift in Sources */,
				0AA6154A2B0DBA18005A5517 /* SceneDelegate.swift in Sources */,
			);
			runOnlyForDeploymentPostprocessing = 0;
		};
/* End PBXSourcesBuildPhase section */

/* Begin PBXVariantGroup section */
		0AA6154D2B0DBA18005A5517 /* Main.storyboard */ = {
			isa = PBXVariantGroup;
			children = (
				0AA6154E2B0DBA18005A5517 /* Base */,
			);
			name = Main.storyboard;
			sourceTree = "<group>";
		};
		0AA615522B0DBA19005A5517 /* LaunchScreen.storyboard */ = {
			isa = PBXVariantGroup;
			children = (
				0AA615532B0DBA19005A5517 /* Base */,
			);
			name = LaunchScreen.storyboard;
			sourceTree = "<group>";
		};
/* End PBXVariantGroup section */

/* Begin XCBuildConfiguration section */
		0AA615562B0DBA19005A5517 /* Debug */ = {
			isa = XCBuildConfiguration;
			buildSettings = {
				ALWAYS_SEARCH_USER_PATHS = NO;
				CLANG_ANALYZER_NONNULL = YES;
				CLANG_ANALYZER_NUMBER_OBJECT_CONVERSION = YES_AGGRESSIVE;
				CLANG_CXX_LANGUAGE_STANDARD = "gnu++20";
				CLANG_ENABLE_MODULES = YES;
				CLANG_ENABLE_OBJC_ARC = YES;
				CLANG_ENABLE_OBJC_WEAK = YES;
				CLANG_WARN_BLOCK_CAPTURE_AUTORELEASING = YES;
				CLANG_WARN_BOOL_CONVERSION = YES;
				CLANG_WARN_COMMA = YES;
				CLANG_WARN_CONSTANT_CONVERSION = YES;
				CLANG_WARN_DEPRECATED_OBJC_IMPLEMENTATIONS = YES;
				CLANG_WARN_DIRECT_OBJC_ISA_USAGE = YES_ERROR;
				CLANG_WARN_DOCUMENTATION_COMMENTS = YES;
				CLANG_WARN_EMPTY_BODY = YES;
				CLANG_WARN_ENUM_CONVERSION = YES;
				CLANG_WARN_INFINITE_RECURSION = YES;
				CLANG_WARN_INT_CONVERSION = YES;
				CLANG_WARN_NON_LITERAL_NULL_CONVERSION = YES;
				CLANG_WARN_OBJC_IMPLICIT_RETAIN_SELF = YES;
				CLANG_WARN_OBJC_LITERAL_CONVERSION = YES;
				CLANG_WARN_OBJC_ROOT_CLASS = YES_ERROR;
				CLANG_WARN_QUOTED_INCLUDE_IN_FRAMEWORK_HEADER = YES;
				CLANG_WARN_RANGE_LOOP_ANALYSIS = YES;
				CLANG_WARN_STRICT_PROTOTYPES = YES;
				CLANG_WARN_SUSPICIOUS_MOVE = YES;
				CLANG_WARN_UNGUARDED_AVAILABILITY = YES_AGGRESSIVE;
				CLANG_WARN_UNREACHABLE_CODE = YES;
				CLANG_WARN__DUPLICATE_METHOD_MATCH = YES;
				COPY_PHASE_STRIP = NO;
				DEBUG_INFORMATION_FORMAT = dwarf;
				ENABLE_STRICT_OBJC_MSGSEND = YES;
				ENABLE_TESTABILITY = YES;
				GCC_C_LANGUAGE_STANDARD = gnu11;
				GCC_DYNAMIC_NO_PIC = NO;
				GCC_NO_COMMON_BLOCKS = YES;
				GCC_OPTIMIZATION_LEVEL = 0;
				GCC_PREPROCESSOR_DEFINITIONS = (
					"DEBUG=1",
					"$(inherited)",
				);
				GCC_WARN_64_TO_32_BIT_CONVERSION = YES;
				GCC_WARN_ABOUT_RETURN_TYPE = YES_ERROR;
				GCC_WARN_UNDECLARED_SELECTOR = YES;
				GCC_WARN_UNINITIALIZED_AUTOS = YES_AGGRESSIVE;
				GCC_WARN_UNUSED_FUNCTION = YES;
				GCC_WARN_UNUSED_VARIABLE = YES;
				IPHONEOS_DEPLOYMENT_TARGET = 16.4;
				MTL_ENABLE_DEBUG_INFO = INCLUDE_SOURCE;
				MTL_FAST_MATH = YES;
				ONLY_ACTIVE_ARCH = YES;
				SDKROOT = iphoneos;
				SWIFT_ACTIVE_COMPILATION_CONDITIONS = DEBUG;
				SWIFT_OPTIMIZATION_LEVEL = "-Onone";
			};
			name = Debug;
		};
		0AA615572B0DBA19005A5517 /* Release */ = {
			isa = XCBuildConfiguration;
			buildSettings = {
				ALWAYS_SEARCH_USER_PATHS = NO;
				CLANG_ANALYZER_NONNULL = YES;
				CLANG_ANALYZER_NUMBER_OBJECT_CONVERSION = YES_AGGRESSIVE;
				CLANG_CXX_LANGUAGE_STANDARD = "gnu++20";
				CLANG_ENABLE_MODULES = YES;
				CLANG_ENABLE_OBJC_ARC = YES;
				CLANG_ENABLE_OBJC_WEAK = YES;
				CLANG_WARN_BLOCK_CAPTURE_AUTORELEASING = YES;
				CLANG_WARN_BOOL_CONVERSION = YES;
				CLANG_WARN_COMMA = YES;
				CLANG_WARN_CONSTANT_CONVERSION = YES;
				CLANG_WARN_DEPRECATED_OBJC_IMPLEMENTATIONS = YES;
				CLANG_WARN_DIRECT_OBJC_ISA_USAGE = YES_ERROR;
				CLANG_WARN_DOCUMENTATION_COMMENTS = YES;
				CLANG_WARN_EMPTY_BODY = YES;
				CLANG_WARN_ENUM_CONVERSION = YES;
				CLANG_WARN_INFINITE_RECURSION = YES;
				CLANG_WARN_INT_CONVERSION = YES;
				CLANG_WARN_NON_LITERAL_NULL_CONVERSION = YES;
				CLANG_WARN_OBJC_IMPLICIT_RETAIN_SELF = YES;
				CLANG_WARN_OBJC_LITERAL_CONVERSION = YES;
				CLANG_WARN_OBJC_ROOT_CLASS = YES_ERROR;
				CLANG_WARN_QUOTED_INCLUDE_IN_FRAMEWORK_HEADER = YES;
				CLANG_WARN_RANGE_LOOP_ANALYSIS = YES;
				CLANG_WARN_STRICT_PROTOTYPES = YES;
				CLANG_WARN_SUSPICIOUS_MOVE = YES;
				CLANG_WARN_UNGUARDED_AVAILABILITY = YES_AGGRESSIVE;
				CLANG_WARN_UNREACHABLE_CODE = YES;
				CLANG_WARN__DUPLICATE_METHOD_MATCH = YES;
				COPY_PHASE_STRIP = NO;
				DEBUG_INFORMATION_FORMAT = "dwarf-with-dsym";
				ENABLE_NS_ASSERTIONS = NO;
				ENABLE_STRICT_OBJC_MSGSEND = YES;
				GCC_C_LANGUAGE_STANDARD = gnu11;
				GCC_NO_COMMON_BLOCKS = YES;
				GCC_WARN_64_TO_32_BIT_CONVERSION = YES;
				GCC_WARN_ABOUT_RETURN_TYPE = YES_ERROR;
				GCC_WARN_UNDECLARED_SELECTOR = YES;
				GCC_WARN_UNINITIALIZED_AUTOS = YES_AGGRESSIVE;
				GCC_WARN_UNUSED_FUNCTION = YES;
				GCC_WARN_UNUSED_VARIABLE = YES;
				IPHONEOS_DEPLOYMENT_TARGET = 16.4;
				MTL_ENABLE_DEBUG_INFO = NO;
				MTL_FAST_MATH = YES;
				SDKROOT = iphoneos;
				SWIFT_COMPILATION_MODE = wholemodule;
				SWIFT_OPTIMIZATION_LEVEL = "-O";
				VALIDATE_PRODUCT = YES;
			};
			name = Release;
		};
		0AA615592B0DBA19005A5517 /* Debug */ = {
			isa = XCBuildConfiguration;
			buildSettings = {
				ASSETCATALOG_COMPILER_APPICON_NAME = AppIcon;
				ASSETCATALOG_COMPILER_GLOBAL_ACCENT_COLOR_NAME = AccentColor;
				CODE_SIGN_STYLE = Automatic;
				CURRENT_PROJECT_VERSION = 1;
				GENERATE_INFOPLIST_FILE = YES;
				INFOPLIST_FILE = TableViewCode/Info.plist;
				INFOPLIST_KEY_UIApplicationSupportsIndirectInputEvents = YES;
				INFOPLIST_KEY_UILaunchStoryboardName = LaunchScreen;
				INFOPLIST_KEY_UIMainStoryboardFile = Main;
				INFOPLIST_KEY_UISupportedInterfaceOrientations_iPad = "UIInterfaceOrientationPortrait UIInterfaceOrientationPortraitUpsideDown UIInterfaceOrientationLandscapeLeft UIInterfaceOrientationLandscapeRight";
				INFOPLIST_KEY_UISupportedInterfaceOrientations_iPhone = "UIInterfaceOrientationPortrait UIInterfaceOrientationLandscapeLeft UIInterfaceOrientationLandscapeRight";
				IPHONEOS_DEPLOYMENT_TARGET = 13.0;
				LD_RUNPATH_SEARCH_PATHS = (
					"$(inherited)",
					"@executable_path/Frameworks",
				);
				MARKETING_VERSION = 1.0;
				PRODUCT_BUNDLE_IDENTIFIER = com.bcc.TableViewCode;
				PRODUCT_NAME = "$(TARGET_NAME)";
				SUPPORTED_PLATFORMS = "iphoneos iphonesimulator";
				SUPPORTS_MACCATALYST = NO;
				SUPPORTS_MAC_DESIGNED_FOR_IPHONE_IPAD = NO;
				SWIFT_EMIT_LOC_STRINGS = YES;
				SWIFT_VERSION = 5.0;
				TARGETED_DEVICE_FAMILY = 1;
			};
			name = Debug;
		};
		0AA6155A2B0DBA19005A5517 /* Release */ = {
			isa = XCBuildConfiguration;
			buildSettings = {
				ASSETCATALOG_COMPILER_APPICON_NAME = AppIcon;
				ASSETCATALOG_COMPILER_GLOBAL_ACCENT_COLOR_NAME = AccentColor;
				CODE_SIGN_STYLE = Automatic;
				CURRENT_PROJECT_VERSION = 1;
				GENERATE_INFOPLIST_FILE = YES;
				INFOPLIST_FILE = TableViewCode/Info.plist;
				INFOPLIST_KEY_UIApplicationSupportsIndirectInputEvents = YES;
				INFOPLIST_KEY_UILaunchStoryboardName = LaunchScreen;
				INFOPLIST_KEY_UIMainStoryboardFile = Main;
				INFOPLIST_KEY_UISupportedInterfaceOrientations_iPad = "UIInterfaceOrientationPortrait UIInterfaceOrientationPortraitUpsideDown UIInterfaceOrientationLandscapeLeft UIInterfaceOrientationLandscapeRight";
				INFOPLIST_KEY_UISupportedInterfaceOrientations_iPhone = "UIInterfaceOrientationPortrait UIInterfaceOrientationLandscapeLeft UIInterfaceOrientationLandscapeRight";
				IPHONEOS_DEPLOYMENT_TARGET = 13.0;
				LD_RUNPATH_SEARCH_PATHS = (
					"$(inherited)",
					"@executable_path/Frameworks",
				);
				MARKETING_VERSION = 1.0;
				PRODUCT_BUNDLE_IDENTIFIER = com.bcc.TableViewCode;
				PRODUCT_NAME = "$(TARGET_NAME)";
				SUPPORTED_PLATFORMS = "iphoneos iphonesimulator";
				SUPPORTS_MACCATALYST = NO;
				SUPPORTS_MAC_DESIGNED_FOR_IPHONE_IPAD = NO;
				SWIFT_EMIT_LOC_STRINGS = YES;
				SWIFT_VERSION = 5.0;
				TARGETED_DEVICE_FAMILY = 1;
			};
			name = Release;
		};
/* End XCBuildConfiguration section */

/* Begin XCConfigurationList section */
		0AA6153F2B0DBA18005A5517 /* Build configuration list for PBXProject "TableViewCode" */ = {
			isa = XCConfigurationList;
			buildConfigurations = (
				0AA615562B0DBA19005A5517 /* Debug */,
				0AA615572B0DBA19005A5517 /* Release */,
			);
			defaultConfigurationIsVisible = 0;
			defaultConfigurationName = Release;
		};
		0AA615582B0DBA19005A5517 /* Build configuration list for PBXNativeTarget "TableViewCode" */ = {
			isa = XCConfigurationList;
			buildConfigurations = (
				0AA615592B0DBA19005A5517 /* Debug */,
				0AA6155A2B0DBA19005A5517 /* Release */,
			);
			defaultConfigurationIsVisible = 0;
			defaultConfigurationName = Release;
		};
/* End XCConfigurationList section */
	};
	rootObject = 0AA6153C2B0DBA18005A5517 /* Project object */;
}
